// !$*UTF8*$!
{
	archiveVersion = 1;
	classes = {
	};
	objectVersion = 56;
	objects = {

/* Begin PBXBuildFile section */
		1401C9712A99F2F400DAD4CA /* BattleshipApp.swift in Sources */ = {isa = PBXBuildFile; fileRef = 1401C9702A99F2F400DAD4CA /* BattleshipApp.swift */; };
		1401C9732A99F2F400DAD4CA /* MainView.swift in Sources */ = {isa = PBXBuildFile; fileRef = 1401C9722A99F2F400DAD4CA /* MainView.swift */; };
		1401C9752A99F2F600DAD4CA /* Assets.xcassets in Resources */ = {isa = PBXBuildFile; fileRef = 1401C9742A99F2F600DAD4CA /* Assets.xcassets */; };
		1401C9782A99F2F600DAD4CA /* Preview Assets.xcassets in Resources */ = {isa = PBXBuildFile; fileRef = 1401C9772A99F2F600DAD4CA /* Preview Assets.xcassets */; };
		1401C97F2A99F30A00DAD4CA /* default.json in Resources */ = {isa = PBXBuildFile; fileRef = 1401C97E2A99F30A00DAD4CA /* default.json */; };
		1401C9822A99F48E00DAD4CA /* LeaderboardData.swift in Sources */ = {isa = PBXBuildFile; fileRef = 1401C9812A99F48E00DAD4CA /* LeaderboardData.swift */; };
		1401C98B2A9A021600DAD4CA /* LeaderboardView.swift in Sources */ = {isa = PBXBuildFile; fileRef = 1401C98A2A9A021600DAD4CA /* LeaderboardView.swift */; };
		1401C98F2A9A0D5800DAD4CA /* SettingsView.swift in Sources */ = {isa = PBXBuildFile; fileRef = 1401C98E2A9A0D5800DAD4CA /* SettingsView.swift */; };
		141195202A9CBEB900745425 /* Coordinate.swift in Sources */ = {isa = PBXBuildFile; fileRef = 1411951F2A9CBEB900745425 /* Coordinate.swift */; };
		141195222A9CBF5700745425 /* ShipPart.swift in Sources */ = {isa = PBXBuildFile; fileRef = 141195212A9CBF5700745425 /* ShipPart.swift */; };
		141195242A9CBFBE00745425 /* GameView.swift in Sources */ = {isa = PBXBuildFile; fileRef = 141195232A9CBFBE00745425 /* GameView.swift */; };
		141195262A9CC01C00745425 /* Ship.swift in Sources */ = {isa = PBXBuildFile; fileRef = 141195252A9CC01C00745425 /* Ship.swift */; };
		141195282A9CC12100745425 /* Fleet.swift in Sources */ = {isa = PBXBuildFile; fileRef = 141195272A9CC12000745425 /* Fleet.swift */; };
		1411952A2A9CC20800745425 /* Ocean.swift in Sources */ = {isa = PBXBuildFile; fileRef = 141195292A9CC20800745425 /* Ocean.swift */; };
		1411952C2A9CC44C00745425 /* Game.swift in Sources */ = {isa = PBXBuildFile; fileRef = 1411952B2A9CC44C00745425 /* Game.swift */; };
		1411952E2A9CC5F300745425 /* OceanState.swift in Sources */ = {isa = PBXBuildFile; fileRef = 1411952D2A9CC5F300745425 /* OceanState.swift */; };
		141195302A9CD00200745425 /* GameState.swift in Sources */ = {isa = PBXBuildFile; fileRef = 1411952F2A9CD00200745425 /* GameState.swift */; };
		1433C1EC2AA8A5C900AD11A9 /* README.md in Resources */ = {isa = PBXBuildFile; fileRef = 1433C1EB2AA8A5C900AD11A9 /* README.md */; };
		1452C48C2A9B360500F351A6 /* HowToPlayView.swift in Sources */ = {isa = PBXBuildFile; fileRef = 1452C48B2A9B360500F351A6 /* HowToPlayView.swift */; };
		1452C4932A9B381B00F351A6 /* SheetToolbar.swift in Sources */ = {isa = PBXBuildFile; fileRef = 1452C4922A9B381B00F351A6 /* SheetToolbar.swift */; };
		1452C4952A9B39AF00F351A6 /* Difficulty.swift in Sources */ = {isa = PBXBuildFile; fileRef = 1452C4942A9B39AF00F351A6 /* Difficulty.swift */; };
		1452C4992A9B5DD400F351A6 /* Score.swift in Sources */ = {isa = PBXBuildFile; fileRef = 1452C4982A9B5DD400F351A6 /* Score.swift */; };
		1452C49B2A9B5DEC00F351A6 /* Leaderboard.swift in Sources */ = {isa = PBXBuildFile; fileRef = 1452C49A2A9B5DEC00F351A6 /* Leaderboard.swift */; };
		145A7C4D2AA6ECFE00499A69 /* mainLoop.aiff in Resources */ = {isa = PBXBuildFile; fileRef = 145A7C4C2AA6ECFE00499A69 /* mainLoop.aiff */; };
		145A7C4F2AA6EF3F00499A69 /* AppearanceSection.swift in Sources */ = {isa = PBXBuildFile; fileRef = 145A7C4E2AA6EF3F00499A69 /* AppearanceSection.swift */; };
		145A7C512AA6EFB900499A69 /* DifficultySection.swift in Sources */ = {isa = PBXBuildFile; fileRef = 145A7C502AA6EFB900499A69 /* DifficultySection.swift */; };
		145A7C532AA6F01B00499A69 /* VolumeSection.swift in Sources */ = {isa = PBXBuildFile; fileRef = 145A7C522AA6F01B00499A69 /* VolumeSection.swift */; };
		145A7C552AA6F0DC00499A69 /* ResetSection.swift in Sources */ = {isa = PBXBuildFile; fileRef = 145A7C542AA6F0DC00499A69 /* ResetSection.swift */; };
		145A7C582AA6FCDF00499A69 /* Battleship-InfoPlist.strings in Resources */ = {isa = PBXBuildFile; fileRef = 145A7C562AA6FCDF00499A69 /* Battleship-InfoPlist.strings */; };
		145A7C5B2AA6FCDF00499A69 /* Localizable.strings in Resources */ = {isa = PBXBuildFile; fileRef = 145A7C592AA6FCDF00499A69 /* Localizable.strings */; };
		145A7C5F2AA711AA00499A69 /* LanguageSection.swift in Sources */ = {isa = PBXBuildFile; fileRef = 145A7C5E2AA711AA00499A69 /* LanguageSection.swift */; };
		145A7C632AA7180E00499A69 /* Language.swift in Sources */ = {isa = PBXBuildFile; fileRef = 145A7C622AA7180E00499A69 /* Language.swift */; };
		146D08E52AA052BF00F0533C /* GameData.swift in Sources */ = {isa = PBXBuildFile; fileRef = 146D08E42AA052BF00F0533C /* GameData.swift */; };
		146D08E92AA0A07700F0533C /* Achievement.swift in Sources */ = {isa = PBXBuildFile; fileRef = 146D08E82AA0A07700F0533C /* Achievement.swift */; };
		146D08EC2AA0BB8E00F0533C /* AVAudioPlayers.swift in Sources */ = {isa = PBXBuildFile; fileRef = 146D08EB2AA0BB8E00F0533C /* AVAudioPlayers.swift */; };
		146D08EE2AA0BC6D00F0533C /* gameWin.mp3 in Resources */ = {isa = PBXBuildFile; fileRef = 146D08ED2AA0BC6D00F0533C /* gameWin.mp3 */; };
		146D08F02AA0BC9400F0533C /* gameLose.mp3 in Resources */ = {isa = PBXBuildFile; fileRef = 146D08EF2AA0BC9400F0533C /* gameLose.mp3 */; };
		146D08F22AA0C33E00F0533C /* shootMiss.mp3 in Resources */ = {isa = PBXBuildFile; fileRef = 146D08F12AA0C33E00F0533C /* shootMiss.mp3 */; };
		146D08F92AA0CBAE00F0533C /* StatisticSection.swift in Sources */ = {isa = PBXBuildFile; fileRef = 146D08F82AA0CBAE00F0533C /* StatisticSection.swift */; };
		146D08FB2AA0CD0000F0533C /* LeaderboardSection.swift in Sources */ = {isa = PBXBuildFile; fileRef = 146D08FA2AA0CD0000F0533C /* LeaderboardSection.swift */; };
		146D08FD2AA0CDB600F0533C /* AchievementSection.swift in Sources */ = {isa = PBXBuildFile; fileRef = 146D08FC2AA0CDB600F0533C /* AchievementSection.swift */; };
		146D08FF2AA0CEAA00F0533C /* DifficultyPicker.swift in Sources */ = {isa = PBXBuildFile; fileRef = 146D08FE2AA0CEAA00F0533C /* DifficultyPicker.swift */; };
		146D09032AA0CFF600F0533C /* SolutionGrid.swift in Sources */ = {isa = PBXBuildFile; fileRef = 146D09022AA0CFF600F0533C /* SolutionGrid.swift */; };
		146D09062AA0D0CE00F0533C /* PlayGrid.swift in Sources */ = {isa = PBXBuildFile; fileRef = 146D09052AA0D0CE00F0533C /* PlayGrid.swift */; };
		14AC513F2AA74CEB00123414 /* shootFullHit.mp3 in Resources */ = {isa = PBXBuildFile; fileRef = 14AC513D2AA74CEA00123414 /* shootFullHit.mp3 */; };
		14AC51402AA74CEB00123414 /* shootPartialHit.mp3 in Resources */ = {isa = PBXBuildFile; fileRef = 14AC513E2AA74CEA00123414 /* shootPartialHit.mp3 */; };
		14DCB7982A9F806C0016B701 /* GameWinView.swift in Sources */ = {isa = PBXBuildFile; fileRef = 14DCB7972A9F806C0016B701 /* GameWinView.swift */; };
		14DCB79A2A9F80790016B701 /* GameLoseView.swift in Sources */ = {isa = PBXBuildFile; fileRef = 14DCB7992A9F80790016B701 /* GameLoseView.swift */; };
/* End PBXBuildFile section */

/* Begin PBXFileReference section */
		1401C96D2A99F2F400DAD4CA /* Battleship.app */ = {isa = PBXFileReference; explicitFileType = wrapper.application; includeInIndex = 0; path = Battleship.app; sourceTree = BUILT_PRODUCTS_DIR; };
		1401C9702A99F2F400DAD4CA /* BattleshipApp.swift */ = {isa = PBXFileReference; lastKnownFileType = sourcecode.swift; path = BattleshipApp.swift; sourceTree = "<group>"; };
		1401C9722A99F2F400DAD4CA /* MainView.swift */ = {isa = PBXFileReference; lastKnownFileType = sourcecode.swift; path = MainView.swift; sourceTree = "<group>"; };
		1401C9742A99F2F600DAD4CA /* Assets.xcassets */ = {isa = PBXFileReference; lastKnownFileType = folder.assetcatalog; path = Assets.xcassets; sourceTree = "<group>"; };
		1401C9772A99F2F600DAD4CA /* Preview Assets.xcassets */ = {isa = PBXFileReference; lastKnownFileType = folder.assetcatalog; path = "Preview Assets.xcassets"; sourceTree = "<group>"; };
		1401C97E2A99F30A00DAD4CA /* default.json */ = {isa = PBXFileReference; lastKnownFileType = text.json; path = default.json; sourceTree = "<group>"; };
		1401C9812A99F48E00DAD4CA /* LeaderboardData.swift */ = {isa = PBXFileReference; lastKnownFileType = sourcecode.swift; path = LeaderboardData.swift; sourceTree = "<group>"; };
		1401C98A2A9A021600DAD4CA /* LeaderboardView.swift */ = {isa = PBXFileReference; lastKnownFileType = sourcecode.swift; path = LeaderboardView.swift; sourceTree = "<group>"; };
		1401C98E2A9A0D5800DAD4CA /* SettingsView.swift */ = {isa = PBXFileReference; lastKnownFileType = sourcecode.swift; path = SettingsView.swift; sourceTree = "<group>"; };
		1411951F2A9CBEB900745425 /* Coordinate.swift */ = {isa = PBXFileReference; lastKnownFileType = sourcecode.swift; path = Coordinate.swift; sourceTree = "<group>"; };
		141195212A9CBF5700745425 /* ShipPart.swift */ = {isa = PBXFileReference; lastKnownFileType = sourcecode.swift; path = ShipPart.swift; sourceTree = "<group>"; };
		141195232A9CBFBE00745425 /* GameView.swift */ = {isa = PBXFileReference; lastKnownFileType = sourcecode.swift; path = GameView.swift; sourceTree = "<group>"; };
		141195252A9CC01C00745425 /* Ship.swift */ = {isa = PBXFileReference; lastKnownFileType = sourcecode.swift; path = Ship.swift; sourceTree = "<group>"; };
		141195272A9CC12000745425 /* Fleet.swift */ = {isa = PBXFileReference; lastKnownFileType = sourcecode.swift; path = Fleet.swift; sourceTree = "<group>"; };
		141195292A9CC20800745425 /* Ocean.swift */ = {isa = PBXFileReference; lastKnownFileType = sourcecode.swift; path = Ocean.swift; sourceTree = "<group>"; };
		1411952B2A9CC44C00745425 /* Game.swift */ = {isa = PBXFileReference; lastKnownFileType = sourcecode.swift; path = Game.swift; sourceTree = "<group>"; };
		1411952D2A9CC5F300745425 /* OceanState.swift */ = {isa = PBXFileReference; lastKnownFileType = sourcecode.swift; path = OceanState.swift; sourceTree = "<group>"; };
		1411952F2A9CD00200745425 /* GameState.swift */ = {isa = PBXFileReference; lastKnownFileType = sourcecode.swift; path = GameState.swift; sourceTree = "<group>"; };
		1433C1EB2AA8A5C900AD11A9 /* README.md */ = {isa = PBXFileReference; lastKnownFileType = net.daringfireball.markdown; path = README.md; sourceTree = "<group>"; };
		1452C48B2A9B360500F351A6 /* HowToPlayView.swift */ = {isa = PBXFileReference; lastKnownFileType = sourcecode.swift; path = HowToPlayView.swift; sourceTree = "<group>"; };
		1452C4922A9B381B00F351A6 /* SheetToolbar.swift */ = {isa = PBXFileReference; lastKnownFileType = sourcecode.swift; path = SheetToolbar.swift; sourceTree = "<group>"; };
		1452C4942A9B39AF00F351A6 /* Difficulty.swift */ = {isa = PBXFileReference; lastKnownFileType = sourcecode.swift; path = Difficulty.swift; sourceTree = "<group>"; };
		1452C4982A9B5DD400F351A6 /* Score.swift */ = {isa = PBXFileReference; lastKnownFileType = sourcecode.swift; path = Score.swift; sourceTree = "<group>"; };
		1452C49A2A9B5DEC00F351A6 /* Leaderboard.swift */ = {isa = PBXFileReference; lastKnownFileType = sourcecode.swift; path = Leaderboard.swift; sourceTree = "<group>"; };
		145A7C4C2AA6ECFE00499A69 /* mainLoop.aiff */ = {isa = PBXFileReference; lastKnownFileType = audio.aiff; path = mainLoop.aiff; sourceTree = "<group>"; };
		145A7C4E2AA6EF3F00499A69 /* AppearanceSection.swift */ = {isa = PBXFileReference; lastKnownFileType = sourcecode.swift; path = AppearanceSection.swift; sourceTree = "<group>"; };
		145A7C502AA6EFB900499A69 /* DifficultySection.swift */ = {isa = PBXFileReference; lastKnownFileType = sourcecode.swift; path = DifficultySection.swift; sourceTree = "<group>"; };
		145A7C522AA6F01B00499A69 /* VolumeSection.swift */ = {isa = PBXFileReference; lastKnownFileType = sourcecode.swift; path = VolumeSection.swift; sourceTree = "<group>"; };
		145A7C542AA6F0DC00499A69 /* ResetSection.swift */ = {isa = PBXFileReference; lastKnownFileType = sourcecode.swift; path = ResetSection.swift; sourceTree = "<group>"; };
		145A7C572AA6FCDF00499A69 /* vi */ = {isa = PBXFileReference; lastKnownFileType = text.plist.strings; name = vi; path = "vi.lproj/Battleship-InfoPlist.strings"; sourceTree = "<group>"; };
		145A7C5A2AA6FCDF00499A69 /* vi */ = {isa = PBXFileReference; lastKnownFileType = text.plist.strings; name = vi; path = vi.lproj/Localizable.strings; sourceTree = "<group>"; };
		145A7C5E2AA711AA00499A69 /* LanguageSection.swift */ = {isa = PBXFileReference; lastKnownFileType = sourcecode.swift; path = LanguageSection.swift; sourceTree = "<group>"; };
		145A7C622AA7180E00499A69 /* Language.swift */ = {isa = PBXFileReference; lastKnownFileType = sourcecode.swift; path = Language.swift; sourceTree = "<group>"; };
		146D08E42AA052BF00F0533C /* GameData.swift */ = {isa = PBXFileReference; lastKnownFileType = sourcecode.swift; path = GameData.swift; sourceTree = "<group>"; };
		146D08E82AA0A07700F0533C /* Achievement.swift */ = {isa = PBXFileReference; lastKnownFileType = sourcecode.swift; path = Achievement.swift; sourceTree = "<group>"; };
		146D08EB2AA0BB8E00F0533C /* AVAudioPlayers.swift */ = {isa = PBXFileReference; lastKnownFileType = sourcecode.swift; path = AVAudioPlayers.swift; sourceTree = "<group>"; };
		146D08ED2AA0BC6D00F0533C /* gameWin.mp3 */ = {isa = PBXFileReference; lastKnownFileType = audio.mp3; path = gameWin.mp3; sourceTree = "<group>"; };
		146D08EF2AA0BC9400F0533C /* gameLose.mp3 */ = {isa = PBXFileReference; lastKnownFileType = audio.mp3; path = gameLose.mp3; sourceTree = "<group>"; };
		146D08F12AA0C33E00F0533C /* shootMiss.mp3 */ = {isa = PBXFileReference; lastKnownFileType = audio.mp3; path = shootMiss.mp3; sourceTree = "<group>"; };
		146D08F82AA0CBAE00F0533C /* StatisticSection.swift */ = {isa = PBXFileReference; lastKnownFileType = sourcecode.swift; path = StatisticSection.swift; sourceTree = "<group>"; };
		146D08FA2AA0CD0000F0533C /* LeaderboardSection.swift */ = {isa = PBXFileReference; lastKnownFileType = sourcecode.swift; path = LeaderboardSection.swift; sourceTree = "<group>"; };
		146D08FC2AA0CDB600F0533C /* AchievementSection.swift */ = {isa = PBXFileReference; lastKnownFileType = sourcecode.swift; path = AchievementSection.swift; sourceTree = "<group>"; };
		146D08FE2AA0CEAA00F0533C /* DifficultyPicker.swift */ = {isa = PBXFileReference; lastKnownFileType = sourcecode.swift; path = DifficultyPicker.swift; sourceTree = "<group>"; };
		146D09022AA0CFF600F0533C /* SolutionGrid.swift */ = {isa = PBXFileReference; lastKnownFileType = sourcecode.swift; path = SolutionGrid.swift; sourceTree = "<group>"; };
		146D09052AA0D0CE00F0533C /* PlayGrid.swift */ = {isa = PBXFileReference; lastKnownFileType = sourcecode.swift; path = PlayGrid.swift; sourceTree = "<group>"; };
		14AC513D2AA74CEA00123414 /* shootFullHit.mp3 */ = {isa = PBXFileReference; lastKnownFileType = audio.mp3; path = shootFullHit.mp3; sourceTree = "<group>"; };
		14AC513E2AA74CEA00123414 /* shootPartialHit.mp3 */ = {isa = PBXFileReference; lastKnownFileType = audio.mp3; path = shootPartialHit.mp3; sourceTree = "<group>"; };
		14DCB7972A9F806C0016B701 /* GameWinView.swift */ = {isa = PBXFileReference; lastKnownFileType = sourcecode.swift; path = GameWinView.swift; sourceTree = "<group>"; };
		14DCB7992A9F80790016B701 /* GameLoseView.swift */ = {isa = PBXFileReference; lastKnownFileType = sourcecode.swift; path = GameLoseView.swift; sourceTree = "<group>"; };
/* End PBXFileReference section */

/* Begin PBXFrameworksBuildPhase section */
		1401C96A2A99F2F400DAD4CA /* Frameworks */ = {
			isa = PBXFrameworksBuildPhase;
			buildActionMask = 2147483647;
			files = (
			);
			runOnlyForDeploymentPostprocessing = 0;
		};
/* End PBXFrameworksBuildPhase section */

/* Begin PBXGroup section */
		1401C9642A99F2F400DAD4CA = {
			isa = PBXGroup;
			children = (
				145A7C592AA6FCDF00499A69 /* Localizable.strings */,
				145A7C562AA6FCDF00499A69 /* Battleship-InfoPlist.strings */,
				1401C96F2A99F2F400DAD4CA /* Battleship */,
				1401C96E2A99F2F400DAD4CA /* Products */,
			);
			sourceTree = "<group>";
		};
		1401C96E2A99F2F400DAD4CA /* Products */ = {
			isa = PBXGroup;
			children = (
				1401C96D2A99F2F400DAD4CA /* Battleship.app */,
			);
			name = Products;
			sourceTree = "<group>";
		};
		1401C96F2A99F2F400DAD4CA /* Battleship */ = {
			isa = PBXGroup;
			children = (
				146D08EA2AA0BAFB00F0533C /* Sounds */,
				14AFB08F2A9E25CD000A940F /* Enums */,
				1401C9802A99F45500DAD4CA /* Models */,
				1452C48F2A9B376200F351A6 /* ViewModel */,
				1401C9872A99FFDF00DAD4CA /* Views */,
				1401C9702A99F2F400DAD4CA /* BattleshipApp.swift */,
				1401C9742A99F2F600DAD4CA /* Assets.xcassets */,
				1401C9762A99F2F600DAD4CA /* Preview Content */,
				1433C1EB2AA8A5C900AD11A9 /* README.md */,
			);
			path = Battleship;
			sourceTree = "<group>";
		};
		1401C9762A99F2F600DAD4CA /* Preview Content */ = {
			isa = PBXGroup;
			children = (
				1401C9772A99F2F600DAD4CA /* Preview Assets.xcassets */,
			);
			path = "Preview Content";
			sourceTree = "<group>";
		};
		1401C9802A99F45500DAD4CA /* Models */ = {
			isa = PBXGroup;
			children = (
				1452C4982A9B5DD400F351A6 /* Score.swift */,
				1452C49A2A9B5DEC00F351A6 /* Leaderboard.swift */,
				1401C9812A99F48E00DAD4CA /* LeaderboardData.swift */,
				146D08E42AA052BF00F0533C /* GameData.swift */,
				1401C97E2A99F30A00DAD4CA /* default.json */,
			);
			path = Models;
			sourceTree = "<group>";
		};
		1401C9872A99FFDF00DAD4CA /* Views */ = {
			isa = PBXGroup;
			children = (
				1401C9722A99F2F400DAD4CA /* MainView.swift */,
				146D09042AA0D0A400F0533C /* GameView */,
				14DCB7972A9F806C0016B701 /* GameWinView.swift */,
				146D09012AA0CFCD00F0533C /* GameLoseView */,
				146D08F72AA0CB8E00F0533C /* LeaderboardView */,
				146D09002AA0CF2100F0533C /* SettingsView */,
				1452C48B2A9B360500F351A6 /* HowToPlayView.swift */,
				1452C4922A9B381B00F351A6 /* SheetToolbar.swift */,
			);
			path = Views;
			sourceTree = "<group>";
		};
		1452C48F2A9B376200F351A6 /* ViewModel */ = {
			isa = PBXGroup;
			children = (
				1411951F2A9CBEB900745425 /* Coordinate.swift */,
				141195212A9CBF5700745425 /* ShipPart.swift */,
				141195252A9CC01C00745425 /* Ship.swift */,
				141195292A9CC20800745425 /* Ocean.swift */,
				141195272A9CC12000745425 /* Fleet.swift */,
				1411952B2A9CC44C00745425 /* Game.swift */,
			);
			path = ViewModel;
			sourceTree = "<group>";
		};
		146D08EA2AA0BAFB00F0533C /* Sounds */ = {
			isa = PBXGroup;
			children = (
				146D08EB2AA0BB8E00F0533C /* AVAudioPlayers.swift */,
				145A7C4C2AA6ECFE00499A69 /* mainLoop.aiff */,
				146D08F12AA0C33E00F0533C /* shootMiss.mp3 */,
				14AC513E2AA74CEA00123414 /* shootPartialHit.mp3 */,
				14AC513D2AA74CEA00123414 /* shootFullHit.mp3 */,
				146D08ED2AA0BC6D00F0533C /* gameWin.mp3 */,
				146D08EF2AA0BC9400F0533C /* gameLose.mp3 */,
			);
			path = Sounds;
			sourceTree = "<group>";
		};
		146D08F72AA0CB8E00F0533C /* LeaderboardView */ = {
			isa = PBXGroup;
			children = (
				1401C98A2A9A021600DAD4CA /* LeaderboardView.swift */,
				146D08FE2AA0CEAA00F0533C /* DifficultyPicker.swift */,
				146D08FA2AA0CD0000F0533C /* LeaderboardSection.swift */,
				146D08F82AA0CBAE00F0533C /* StatisticSection.swift */,
				146D08FC2AA0CDB600F0533C /* AchievementSection.swift */,
			);
			path = LeaderboardView;
			sourceTree = "<group>";
		};
		146D09002AA0CF2100F0533C /* SettingsView */ = {
			isa = PBXGroup;
			children = (
				1401C98E2A9A0D5800DAD4CA /* SettingsView.swift */,
				145A7C4E2AA6EF3F00499A69 /* AppearanceSection.swift */,
				145A7C502AA6EFB900499A69 /* DifficultySection.swift */,
				145A7C5E2AA711AA00499A69 /* LanguageSection.swift */,
				145A7C522AA6F01B00499A69 /* VolumeSection.swift */,
				145A7C542AA6F0DC00499A69 /* ResetSection.swift */,
			);
			path = SettingsView;
			sourceTree = "<group>";
		};
		146D09012AA0CFCD00F0533C /* GameLoseView */ = {
			isa = PBXGroup;
			children = (
				14DCB7992A9F80790016B701 /* GameLoseView.swift */,
				146D09022AA0CFF600F0533C /* SolutionGrid.swift */,
			);
			path = GameLoseView;
			sourceTree = "<group>";
		};
		146D09042AA0D0A400F0533C /* GameView */ = {
			isa = PBXGroup;
			children = (
				141195232A9CBFBE00745425 /* GameView.swift */,
				146D09052AA0D0CE00F0533C /* PlayGrid.swift */,
			);
			path = GameView;
			sourceTree = "<group>";
		};
		14AFB08F2A9E25CD000A940F /* Enums */ = {
			isa = PBXGroup;
			children = (
				1452C4942A9B39AF00F351A6 /* Difficulty.swift */,
				1411952D2A9CC5F300745425 /* OceanState.swift */,
				1411952F2A9CD00200745425 /* GameState.swift */,
				146D08E82AA0A07700F0533C /* Achievement.swift */,
				145A7C622AA7180E00499A69 /* Language.swift */,
			);
			path = Enums;
			sourceTree = "<group>";
		};
/* End PBXGroup section */

/* Begin PBXNativeTarget section */
		1401C96C2A99F2F400DAD4CA /* Battleship */ = {
			isa = PBXNativeTarget;
			buildConfigurationList = 1401C97B2A99F2F600DAD4CA /* Build configuration list for PBXNativeTarget "Battleship" */;
			buildPhases = (
				1401C9692A99F2F400DAD4CA /* Sources */,
				1401C96A2A99F2F400DAD4CA /* Frameworks */,
				1401C96B2A99F2F400DAD4CA /* Resources */,
			);
			buildRules = (
			);
			dependencies = (
			);
			name = Battleship;
			productName = Battleship;
			productReference = 1401C96D2A99F2F400DAD4CA /* Battleship.app */;
			productType = "com.apple.product-type.application";
		};
/* End PBXNativeTarget section */

/* Begin PBXProject section */
		1401C9652A99F2F400DAD4CA /* Project object */ = {
			isa = PBXProject;
			attributes = {
				BuildIndependentTargetsInParallel = 1;
				LastSwiftUpdateCheck = 1430;
				LastUpgradeCheck = 1430;
				TargetAttributes = {
					1401C96C2A99F2F400DAD4CA = {
						CreatedOnToolsVersion = 14.3.1;
					};
				};
			};
			buildConfigurationList = 1401C9682A99F2F400DAD4CA /* Build configuration list for PBXProject "Battleship" */;
			compatibilityVersion = "Xcode 14.0";
			developmentRegion = en;
			hasScannedForEncodings = 0;
			knownRegions = (
				en,
				Base,
				vi,
			);
			mainGroup = 1401C9642A99F2F400DAD4CA;
			productRefGroup = 1401C96E2A99F2F400DAD4CA /* Products */;
			projectDirPath = "";
			projectRoot = "";
			targets = (
				1401C96C2A99F2F400DAD4CA /* Battleship */,
			);
		};
/* End PBXProject section */

/* Begin PBXResourcesBuildPhase section */
		1401C96B2A99F2F400DAD4CA /* Resources */ = {
			isa = PBXResourcesBuildPhase;
			buildActionMask = 2147483647;
			files = (
				1401C9782A99F2F600DAD4CA /* Preview Assets.xcassets in Resources */,
				146D08F02AA0BC9400F0533C /* gameLose.mp3 in Resources */,
				145A7C5B2AA6FCDF00499A69 /* Localizable.strings in Resources */,
				1401C9752A99F2F600DAD4CA /* Assets.xcassets in Resources */,
				145A7C4D2AA6ECFE00499A69 /* mainLoop.aiff in Resources */,
				145A7C582AA6FCDF00499A69 /* Battleship-InfoPlist.strings in Resources */,
				1433C1EC2AA8A5C900AD11A9 /* README.md in Resources */,
				14AC513F2AA74CEB00123414 /* shootFullHit.mp3 in Resources */,
				146D08EE2AA0BC6D00F0533C /* gameWin.mp3 in Resources */,
				146D08F22AA0C33E00F0533C /* shootMiss.mp3 in Resources */,
				14AC51402AA74CEB00123414 /* shootPartialHit.mp3 in Resources */,
				1401C97F2A99F30A00DAD4CA /* default.json in Resources */,
			);
			runOnlyForDeploymentPostprocessing = 0;
		};
/* End PBXResourcesBuildPhase section */

/* Begin PBXSourcesBuildPhase section */
		1401C9692A99F2F400DAD4CA /* Sources */ = {
			isa = PBXSourcesBuildPhase;
			buildActionMask = 2147483647;
			files = (
				146D08FD2AA0CDB600F0533C /* AchievementSection.swift in Sources */,
				146D09032AA0CFF600F0533C /* SolutionGrid.swift in Sources */,
				1452C49B2A9B5DEC00F351A6 /* Leaderboard.swift in Sources */,
				145A7C552AA6F0DC00499A69 /* ResetSection.swift in Sources */,
				1401C98F2A9A0D5800DAD4CA /* SettingsView.swift in Sources */,
				1411952E2A9CC5F300745425 /* OceanState.swift in Sources */,
				1452C4932A9B381B00F351A6 /* SheetToolbar.swift in Sources */,
				1401C98B2A9A021600DAD4CA /* LeaderboardView.swift in Sources */,
				1401C9732A99F2F400DAD4CA /* MainView.swift in Sources */,
				141195262A9CC01C00745425 /* Ship.swift in Sources */,
				141195302A9CD00200745425 /* GameState.swift in Sources */,
				141195202A9CBEB900745425 /* Coordinate.swift in Sources */,
				146D09062AA0D0CE00F0533C /* PlayGrid.swift in Sources */,
				141195282A9CC12100745425 /* Fleet.swift in Sources */,
				1401C9712A99F2F400DAD4CA /* BattleshipApp.swift in Sources */,
				146D08EC2AA0BB8E00F0533C /* AVAudioPlayers.swift in Sources */,
				1452C4952A9B39AF00F351A6 /* Difficulty.swift in Sources */,
				141195222A9CBF5700745425 /* ShipPart.swift in Sources */,
				145A7C532AA6F01B00499A69 /* VolumeSection.swift in Sources */,
				1401C9822A99F48E00DAD4CA /* LeaderboardData.swift in Sources */,
				14DCB7982A9F806C0016B701 /* GameWinView.swift in Sources */,
				146D08E52AA052BF00F0533C /* GameData.swift in Sources */,
				146D08FB2AA0CD0000F0533C /* LeaderboardSection.swift in Sources */,
				1411952A2A9CC20800745425 /* Ocean.swift in Sources */,
				14DCB79A2A9F80790016B701 /* GameLoseView.swift in Sources */,
				145A7C632AA7180E00499A69 /* Language.swift in Sources */,
				146D08E92AA0A07700F0533C /* Achievement.swift in Sources */,
				145A7C5F2AA711AA00499A69 /* LanguageSection.swift in Sources */,
				1411952C2A9CC44C00745425 /* Game.swift in Sources */,
				145A7C4F2AA6EF3F00499A69 /* AppearanceSection.swift in Sources */,
				145A7C512AA6EFB900499A69 /* DifficultySection.swift in Sources */,
				146D08F92AA0CBAE00F0533C /* StatisticSection.swift in Sources */,
				1452C48C2A9B360500F351A6 /* HowToPlayView.swift in Sources */,
				141195242A9CBFBE00745425 /* GameView.swift in Sources */,
				146D08FF2AA0CEAA00F0533C /* DifficultyPicker.swift in Sources */,
				1452C4992A9B5DD400F351A6 /* Score.swift in Sources */,
			);
			runOnlyForDeploymentPostprocessing = 0;
		};
/* End PBXSourcesBuildPhase section */

/* Begin PBXVariantGroup section */
		145A7C562AA6FCDF00499A69 /* Battleship-InfoPlist.strings */ = {
			isa = PBXVariantGroup;
			children = (
				145A7C572AA6FCDF00499A69 /* vi */,
			);
			name = "Battleship-InfoPlist.strings";
			path = Battleship;
			sourceTree = "<group>";
		};
		145A7C592AA6FCDF00499A69 /* Localizable.strings */ = {
			isa = PBXVariantGroup;
			children = (
				145A7C5A2AA6FCDF00499A69 /* vi */,
			);
			name = Localizable.strings;
			path = Battleship;
			sourceTree = "<group>";
		};
/* End PBXVariantGroup section */

/* Begin XCBuildConfiguration section */
		1401C9792A99F2F600DAD4CA /* Debug */ = {
			isa = XCBuildConfiguration;
			buildSettings = {
				ALWAYS_SEARCH_USER_PATHS = NO;
				CLANG_ANALYZER_NONNULL = YES;
				CLANG_ANALYZER_NUMBER_OBJECT_CONVERSION = YES_AGGRESSIVE;
				CLANG_CXX_LANGUAGE_STANDARD = "gnu++20";
				CLANG_ENABLE_MODULES = YES;
				CLANG_ENABLE_OBJC_ARC = YES;
				CLANG_ENABLE_OBJC_WEAK = YES;
				CLANG_WARN_BLOCK_CAPTURE_AUTORELEASING = YES;
				CLANG_WARN_BOOL_CONVERSION = YES;
				CLANG_WARN_COMMA = YES;
				CLANG_WARN_CONSTANT_CONVERSION = YES;
				CLANG_WARN_DEPRECATED_OBJC_IMPLEMENTATIONS = YES;
				CLANG_WARN_DIRECT_OBJC_ISA_USAGE = YES_ERROR;
				CLANG_WARN_DOCUMENTATION_COMMENTS = YES;
				CLANG_WARN_EMPTY_BODY = YES;
				CLANG_WARN_ENUM_CONVERSION = YES;
				CLANG_WARN_INFINITE_RECURSION = YES;
				CLANG_WARN_INT_CONVERSION = YES;
				CLANG_WARN_NON_LITERAL_NULL_CONVERSION = YES;
				CLANG_WARN_OBJC_IMPLICIT_RETAIN_SELF = YES;
				CLANG_WARN_OBJC_LITERAL_CONVERSION = YES;
				CLANG_WARN_OBJC_ROOT_CLASS = YES_ERROR;
				CLANG_WARN_QUOTED_INCLUDE_IN_FRAMEWORK_HEADER = YES;
				CLANG_WARN_RANGE_LOOP_ANALYSIS = YES;
				CLANG_WARN_STRICT_PROTOTYPES = YES;
				CLANG_WARN_SUSPICIOUS_MOVE = YES;
				CLANG_WARN_UNGUARDED_AVAILABILITY = YES_AGGRESSIVE;
				CLANG_WARN_UNREACHABLE_CODE = YES;
				CLANG_WARN__DUPLICATE_METHOD_MATCH = YES;
				COPY_PHASE_STRIP = NO;
				DEBUG_INFORMATION_FORMAT = dwarf;
				ENABLE_STRICT_OBJC_MSGSEND = YES;
				ENABLE_TESTABILITY = YES;
				GCC_C_LANGUAGE_STANDARD = gnu11;
				GCC_DYNAMIC_NO_PIC = NO;
				GCC_NO_COMMON_BLOCKS = YES;
				GCC_OPTIMIZATION_LEVEL = 0;
				GCC_PREPROCESSOR_DEFINITIONS = (
					"DEBUG=1",
					"$(inherited)",
				);
				GCC_WARN_64_TO_32_BIT_CONVERSION = YES;
				GCC_WARN_ABOUT_RETURN_TYPE = YES_ERROR;
				GCC_WARN_UNDECLARED_SELECTOR = YES;
				GCC_WARN_UNINITIALIZED_AUTOS = YES_AGGRESSIVE;
				GCC_WARN_UNUSED_FUNCTION = YES;
				GCC_WARN_UNUSED_VARIABLE = YES;
				IPHONEOS_DEPLOYMENT_TARGET = 16.4;
				MTL_ENABLE_DEBUG_INFO = INCLUDE_SOURCE;
				MTL_FAST_MATH = YES;
				ONLY_ACTIVE_ARCH = YES;
				SDKROOT = iphoneos;
				SWIFT_ACTIVE_COMPILATION_CONDITIONS = DEBUG;
				SWIFT_EMIT_LOC_STRINGS = YES;
				SWIFT_OPTIMIZATION_LEVEL = "-Onone";
			};
			name = Debug;
		};
		1401C97A2A99F2F600DAD4CA /* Release */ = {
			isa = XCBuildConfiguration;
			buildSettings = {
				ALWAYS_SEARCH_USER_PATHS = NO;
				CLANG_ANALYZER_NONNULL = YES;
				CLANG_ANALYZER_NUMBER_OBJECT_CONVERSION = YES_AGGRESSIVE;
				CLANG_CXX_LANGUAGE_STANDARD = "gnu++20";
				CLANG_ENABLE_MODULES = YES;
				CLANG_ENABLE_OBJC_ARC = YES;
				CLANG_ENABLE_OBJC_WEAK = YES;
				CLANG_WARN_BLOCK_CAPTURE_AUTORELEASING = YES;
				CLANG_WARN_BOOL_CONVERSION = YES;
				CLANG_WARN_COMMA = YES;
				CLANG_WARN_CONSTANT_CONVERSION = YES;
				CLANG_WARN_DEPRECATED_OBJC_IMPLEMENTATIONS = YES;
				CLANG_WARN_DIRECT_OBJC_ISA_USAGE = YES_ERROR;
				CLANG_WARN_DOCUMENTATION_COMMENTS = YES;
				CLANG_WARN_EMPTY_BODY = YES;
				CLANG_WARN_ENUM_CONVERSION = YES;
				CLANG_WARN_INFINITE_RECURSION = YES;
				CLANG_WARN_INT_CONVERSION = YES;
				CLANG_WARN_NON_LITERAL_NULL_CONVERSION = YES;
				CLANG_WARN_OBJC_IMPLICIT_RETAIN_SELF = YES;
				CLANG_WARN_OBJC_LITERAL_CONVERSION = YES;
				CLANG_WARN_OBJC_ROOT_CLASS = YES_ERROR;
				CLANG_WARN_QUOTED_INCLUDE_IN_FRAMEWORK_HEADER = YES;
				CLANG_WARN_RANGE_LOOP_ANALYSIS = YES;
				CLANG_WARN_STRICT_PROTOTYPES = YES;
				CLANG_WARN_SUSPICIOUS_MOVE = YES;
				CLANG_WARN_UNGUARDED_AVAILABILITY = YES_AGGRESSIVE;
				CLANG_WARN_UNREACHABLE_CODE = YES;
				CLANG_WARN__DUPLICATE_METHOD_MATCH = YES;
				COPY_PHASE_STRIP = NO;
				DEBUG_INFORMATION_FORMAT = "dwarf-with-dsym";
				ENABLE_NS_ASSERTIONS = NO;
				ENABLE_STRICT_OBJC_MSGSEND = YES;
				GCC_C_LANGUAGE_STANDARD = gnu11;
				GCC_NO_COMMON_BLOCKS = YES;
				GCC_WARN_64_TO_32_BIT_CONVERSION = YES;
				GCC_WARN_ABOUT_RETURN_TYPE = YES_ERROR;
				GCC_WARN_UNDECLARED_SELECTOR = YES;
				GCC_WARN_UNINITIALIZED_AUTOS = YES_AGGRESSIVE;
				GCC_WARN_UNUSED_FUNCTION = YES;
				GCC_WARN_UNUSED_VARIABLE = YES;
				IPHONEOS_DEPLOYMENT_TARGET = 16.4;
				MTL_ENABLE_DEBUG_INFO = NO;
				MTL_FAST_MATH = YES;
				SDKROOT = iphoneos;
				SWIFT_COMPILATION_MODE = wholemodule;
				SWIFT_EMIT_LOC_STRINGS = YES;
				SWIFT_OPTIMIZATION_LEVEL = "-O";
				VALIDATE_PRODUCT = YES;
			};
			name = Release;
		};
		1401C97C2A99F2F600DAD4CA /* Debug */ = {
			isa = XCBuildConfiguration;
			buildSettings = {
				ASSETCATALOG_COMPILER_APPICON_NAME = AppIcon;
				ASSETCATALOG_COMPILER_GLOBAL_ACCENT_COLOR_NAME = AccentColor;
				CODE_SIGN_STYLE = Automatic;
				CURRENT_PROJECT_VERSION = 1;
				DEVELOPMENT_ASSET_PATHS = "\"Battleship/Preview Content\"";
				ENABLE_PREVIEWS = YES;
				GENERATE_INFOPLIST_FILE = YES;
				INFOPLIST_KEY_LSSupportsOpeningDocumentsInPlace = NO;
				INFOPLIST_KEY_UIApplicationSceneManifest_Generation = YES;
				INFOPLIST_KEY_UIApplicationSupportsIndirectInputEvents = YES;
				INFOPLIST_KEY_UILaunchScreen_Generation = YES;
				INFOPLIST_KEY_UISupportedInterfaceOrientations_iPad = "UIInterfaceOrientationPortrait UIInterfaceOrientationPortraitUpsideDown UIInterfaceOrientationLandscapeLeft UIInterfaceOrientationLandscapeRight";
				INFOPLIST_KEY_UISupportedInterfaceOrientations_iPhone = "UIInterfaceOrientationPortrait UIInterfaceOrientationLandscapeLeft UIInterfaceOrientationLandscapeRight";
				LD_RUNPATH_SEARCH_PATHS = (
					"$(inherited)",
					"@executable_path/Frameworks",
				);
				MARKETING_VERSION = 1.0;
				PRODUCT_BUNDLE_IDENTIFIER = vn.edu.rmit.s3927562.Battleship;
				PRODUCT_NAME = "$(TARGET_NAME)";
				SWIFT_EMIT_LOC_STRINGS = YES;
				SWIFT_VERSION = 5.0;
				TARGETED_DEVICE_FAMILY = "1,2";
			};
			name = Debug;
		};
		1401C97D2A99F2F600DAD4CA /* Release */ = {
			isa = XCBuildConfiguration;
			buildSettings = {
				ASSETCATALOG_COMPILER_APPICON_NAME = AppIcon;
				ASSETCATALOG_COMPILER_GLOBAL_ACCENT_COLOR_NAME = AccentColor;
				CODE_SIGN_STYLE = Automatic;
				CURRENT_PROJECT_VERSION = 1;
				DEVELOPMENT_ASSET_PATHS = "\"Battleship/Preview Content\"";
				ENABLE_PREVIEWS = YES;
				GENERATE_INFOPLIST_FILE = YES;
				INFOPLIST_KEY_LSSupportsOpeningDocumentsInPlace = NO;
				INFOPLIST_KEY_UIApplicationSceneManifest_Generation = YES;
				INFOPLIST_KEY_UIApplicationSupportsIndirectInputEvents = YES;
				INFOPLIST_KEY_UILaunchScreen_Generation = YES;
				INFOPLIST_KEY_UISupportedInterfaceOrientations_iPad = "UIInterfaceOrientationPortrait UIInterfaceOrientationPortraitUpsideDown UIInterfaceOrientationLandscapeLeft UIInterfaceOrientationLandscapeRight";
				INFOPLIST_KEY_UISupportedInterfaceOrientations_iPhone = "UIInterfaceOrientationPortrait UIInterfaceOrientationLandscapeLeft UIInterfaceOrientationLandscapeRight";
				LD_RUNPATH_SEARCH_PATHS = (
					"$(inherited)",
					"@executable_path/Frameworks",
				);
				MARKETING_VERSION = 1.0;
				PRODUCT_BUNDLE_IDENTIFIER = vn.edu.rmit.s3927562.Battleship;
				PRODUCT_NAME = "$(TARGET_NAME)";
				SWIFT_EMIT_LOC_STRINGS = YES;
				SWIFT_VERSION = 5.0;
				TARGETED_DEVICE_FAMILY = "1,2";
			};
			name = Release;
		};
/* End XCBuildConfiguration section */

/* Begin XCConfigurationList section */
		1401C9682A99F2F400DAD4CA /* Build configuration list for PBXProject "Battleship" */ = {
			isa = XCConfigurationList;
			buildConfigurations = (
				1401C9792A99F2F600DAD4CA /* Debug */,
				1401C97A2A99F2F600DAD4CA /* Release */,
			);
			defaultConfigurationIsVisible = 0;
			defaultConfigurationName = Release;
		};
		1401C97B2A99F2F600DAD4CA /* Build configuration list for PBXNativeTarget "Battleship" */ = {
			isa = XCConfigurationList;
			buildConfigurations = (
				1401C97C2A99F2F600DAD4CA /* Debug */,
				1401C97D2A99F2F600DAD4CA /* Release */,
			);
			defaultConfigurationIsVisible = 0;
			defaultConfigurationName = Release;
		};
/* End XCConfigurationList section */
	};
	rootObject = 1401C9652A99F2F400DAD4CA /* Project object */;
}
